{
  "name": "ecommerce-next",
  "lockfileVersion": 3,
  "requires": true,
  "packages": {
    "": {
      "dependencies": {
        "swiper": "^11.2.7"
      }
    },
    "node_modules/swiper": {
      "version": "11.2.7",
      "resolved": "https://registry.npmjs.org/swiper/-/swiper-11.2.7.tgz",
      "integrity": "sha512-oPJCwdcjFMw3SoBM7AdB1RJzjT7JaE4Mg7TWceTmJ/i2OtF8L01Ct+5eOf48nG3trgR0wXFekWdfnTdl0eg6Pg==",
      "funding": [
        {
          "type": "patreon",
          "url": "https://www.patreon.com/swiperjs"
        },
        {
          "type": "open_collective",
          "url": "http://opencollective.com/swiper"
        }
      ],
      "license": "MIT",
      "engines": {
        "node": ">= 4.7.0"
      }
    }
  }
}
